// !$*UTF8*$!
{
	archiveVersion = 1;
	classes = {
	};
	objectVersion = 56;
	objects = {

/* Begin PBXBuildFile section */
		0FBF51B4CB8F49B004ACBAD6 /* Pods_Tapper.framework in Frameworks */ = {isa = PBXBuildFile; fileRef = F26D3965327B582E144E1D51 /* Pods_Tapper.framework */; };
		8A05358C2B66C7BB004B88DA /* DeviceInfoScreen.swift in Sources */ = {isa = PBXBuildFile; fileRef = 8A05358B2B66C7BB004B88DA /* DeviceInfoScreen.swift */; };
		8A6A05B22B5A54CD00BBDEE2 /* WidgetKit.framework in Frameworks */ = {isa = PBXBuildFile; fileRef = 8A6A05B12B5A54CD00BBDEE2 /* WidgetKit.framework */; };
		8A6A05B42B5A54CD00BBDEE2 /* SwiftUI.framework in Frameworks */ = {isa = PBXBuildFile; fileRef = 8A6A05B32B5A54CD00BBDEE2 /* SwiftUI.framework */; };
		8A6A05B72B5A54CD00BBDEE2 /* TapperWidgetsBundle.swift in Sources */ = {isa = PBXBuildFile; fileRef = 8A6A05B62B5A54CD00BBDEE2 /* TapperWidgetsBundle.swift */; };
		8A6A05B92B5A54CD00BBDEE2 /* TapperWidgets.swift in Sources */ = {isa = PBXBuildFile; fileRef = 8A6A05B82B5A54CD00BBDEE2 /* TapperWidgets.swift */; };
		8A6A05BB2B5A54CD00BBDEE2 /* AppIntent.swift in Sources */ = {isa = PBXBuildFile; fileRef = 8A6A05BA2B5A54CD00BBDEE2 /* AppIntent.swift */; };
		8A6A05BD2B5A54CE00BBDEE2 /* Assets.xcassets in Resources */ = {isa = PBXBuildFile; fileRef = 8A6A05BC2B5A54CE00BBDEE2 /* Assets.xcassets */; };
		8A6A05C22B5A54CE00BBDEE2 /* TapperWidgetsExtension.appex in Embed Foundation Extensions */ = {isa = PBXBuildFile; fileRef = 8A6A05B02B5A54CD00BBDEE2 /* TapperWidgetsExtension.appex */; settings = {ATTRIBUTES = (RemoveHeadersOnCopy, ); }; };
		8A8CF7B82B59A0D700CD0214 /* RealmTestCommandEntity.swift in Sources */ = {isa = PBXBuildFile; fileRef = 8A8CF7B72B59A0D700CD0214 /* RealmTestCommandEntity.swift */; };
		8A8CF7BA2B59A13100CD0214 /* TapperTestCommandsDataSource.swift in Sources */ = {isa = PBXBuildFile; fileRef = 8A8CF7B92B59A13100CD0214 /* TapperTestCommandsDataSource.swift */; };
		8A8CF7BC2B59A20B00CD0214 /* TapperTestCommandEntity.swift in Sources */ = {isa = PBXBuildFile; fileRef = 8A8CF7BB2B59A20B00CD0214 /* TapperTestCommandEntity.swift */; };
		8A8CF7BE2B59A2A700CD0214 /* TapperCommandListView.swift in Sources */ = {isa = PBXBuildFile; fileRef = 8A8CF7BD2B59A2A700CD0214 /* TapperCommandListView.swift */; };
		8A8CF7C12B59A56A00CD0214 /* CreateScenarioCommandDialog.swift in Sources */ = {isa = PBXBuildFile; fileRef = 8A8CF7C02B59A56A00CD0214 /* CreateScenarioCommandDialog.swift */; };
		8A9D40CC2B48F123009CB2DB /* TapperApp.swift in Sources */ = {isa = PBXBuildFile; fileRef = 8A9D40CB2B48F123009CB2DB /* TapperApp.swift */; };
		8A9D40D22B48F124009CB2DB /* Assets.xcassets in Resources */ = {isa = PBXBuildFile; fileRef = 8A9D40D12B48F124009CB2DB /* Assets.xcassets */; };
		8A9D40D52B48F124009CB2DB /* Preview Assets.xcassets in Resources */ = {isa = PBXBuildFile; fileRef = 8A9D40D42B48F124009CB2DB /* Preview Assets.xcassets */; };
		8A9D40E12B48F4E7009CB2DB /* SplashScreen.swift in Sources */ = {isa = PBXBuildFile; fileRef = 8A9D40E02B48F4E6009CB2DB /* SplashScreen.swift */; };
		8A9D40E32B48F4EF009CB2DB /* HomeScreen.swift in Sources */ = {isa = PBXBuildFile; fileRef = 8A9D40E22B48F4EF009CB2DB /* HomeScreen.swift */; };
		8A9D40E62B49BC28009CB2DB /* TapperUtils.swift in Sources */ = {isa = PBXBuildFile; fileRef = 8A9D40E52B49BC28009CB2DB /* TapperUtils.swift */; };
		8A9D40E92B49C214009CB2DB /* SplashScreenNavigationListener.swift in Sources */ = {isa = PBXBuildFile; fileRef = 8A9D40E82B49C214009CB2DB /* SplashScreenNavigationListener.swift */; };
		8A9D40EB2B49D0E2009CB2DB /* HomeOptionsBlurView.swift in Sources */ = {isa = PBXBuildFile; fileRef = 8A9D40EA2B49D0E2009CB2DB /* HomeOptionsBlurView.swift */; };
		8A9D40ED2B49D4FF009CB2DB /* TapperApplicationModel.swift in Sources */ = {isa = PBXBuildFile; fileRef = 8A9D40EC2B49D4FF009CB2DB /* TapperApplicationModel.swift */; };
		8A9D40EF2B49D534009CB2DB /* HomeViewModel.swift in Sources */ = {isa = PBXBuildFile; fileRef = 8A9D40EE2B49D534009CB2DB /* HomeViewModel.swift */; };
		8A9D40F12B49D83E009CB2DB /* TapperAppCellView.swift in Sources */ = {isa = PBXBuildFile; fileRef = 8A9D40F02B49D83E009CB2DB /* TapperAppCellView.swift */; };
		8A9D40F32B49DAF8009CB2DB /* TapperCommandOption.swift in Sources */ = {isa = PBXBuildFile; fileRef = 8A9D40F22B49DAF8009CB2DB /* TapperCommandOption.swift */; };
		8A9D40F52B49DDC1009CB2DB /* TapperCommandView.swift in Sources */ = {isa = PBXBuildFile; fileRef = 8A9D40F42B49DDC1009CB2DB /* TapperCommandView.swift */; };
		8A9D40FA2B49E42F009CB2DB /* RealmApplicationEntity.swift in Sources */ = {isa = PBXBuildFile; fileRef = 8A9D40F92B49E42F009CB2DB /* RealmApplicationEntity.swift */; };
		8AC760522B49E69C00530BBD /* TapperApplicationsDataSource.swift in Sources */ = {isa = PBXBuildFile; fileRef = 8AC760512B49E69C00530BBD /* TapperApplicationsDataSource.swift */; };
		8AC760542B49EB6B00530BBD /* ApplicationCreationDialogView.swift in Sources */ = {isa = PBXBuildFile; fileRef = 8AC760532B49EB6B00530BBD /* ApplicationCreationDialogView.swift */; };
		8AC760572B4B57C700530BBD /* HomeDefaultScreenView.swift in Sources */ = {isa = PBXBuildFile; fileRef = 8AC760562B4B57C700530BBD /* HomeDefaultScreenView.swift */; };
		8AC760592B4B57D900530BBD /* HomeScreenContentType.swift in Sources */ = {isa = PBXBuildFile; fileRef = 8AC760582B4B57D900530BBD /* HomeScreenContentType.swift */; };
		8AC7605B2B4B58B900530BBD /* HomeApplicationView.swift in Sources */ = {isa = PBXBuildFile; fileRef = 8AC7605A2B4B58B900530BBD /* HomeApplicationView.swift */; };
		8AC7605D2B4B58C300530BBD /* TestScenarioScreen.swift in Sources */ = {isa = PBXBuildFile; fileRef = 8AC7605C2B4B58C300530BBD /* TestScenarioScreen.swift */; };
		8AC760632B4B59F600530BBD /* HomeBottomStatusBarView.swift in Sources */ = {isa = PBXBuildFile; fileRef = 8AC760622B4B59F600530BBD /* HomeBottomStatusBarView.swift */; };
		8AC760652B4B5A3A00530BBD /* HomeStatusBarView.swift in Sources */ = {isa = PBXBuildFile; fileRef = 8AC760642B4B5A3A00530BBD /* HomeStatusBarView.swift */; };
		8AC760672B4B5CE000530BBD /* TapperCommandTimerManager.swift in Sources */ = {isa = PBXBuildFile; fileRef = 8AC760662B4B5CE000530BBD /* TapperCommandTimerManager.swift */; };
		8AC760692B4B5D2A00530BBD /* TapperHomeCommandType.swift in Sources */ = {isa = PBXBuildFile; fileRef = 8AC760682B4B5D2A00530BBD /* TapperHomeCommandType.swift */; };
		8AC7606B2B4B813A00530BBD /* ApplicationSettingsDialog.swift in Sources */ = {isa = PBXBuildFile; fileRef = 8AC7606A2B4B813A00530BBD /* ApplicationSettingsDialog.swift */; };
		8AC7606D2B4B832C00530BBD /* TapperPathsStorageManager.swift in Sources */ = {isa = PBXBuildFile; fileRef = 8AC7606C2B4B832C00530BBD /* TapperPathsStorageManager.swift */; };
		8AC7606F2B4BA2C400530BBD /* .gitignore in Resources */ = {isa = PBXBuildFile; fileRef = 8AC7606E2B4BA2C400530BBD /* .gitignore */; };
		8AC760712B4DF91500530BBD /* TestScenarioView.swift in Sources */ = {isa = PBXBuildFile; fileRef = 8AC760702B4DF91500530BBD /* TestScenarioView.swift */; };
		8AC760732B4DF92C00530BBD /* RealmTestScenarioEntity.swift in Sources */ = {isa = PBXBuildFile; fileRef = 8AC760722B4DF92C00530BBD /* RealmTestScenarioEntity.swift */; };
		8AC760752B4DF9ED00530BBD /* TapperTestScenarioModel.swift in Sources */ = {isa = PBXBuildFile; fileRef = 8AC760742B4DF9ED00530BBD /* TapperTestScenarioModel.swift */; };
		8AC760772B4DFABB00530BBD /* TapperTestScenariosDataSource.swift in Sources */ = {isa = PBXBuildFile; fileRef = 8AC760762B4DFABB00530BBD /* TapperTestScenariosDataSource.swift */; };
		8AC760792B4EF9EE00530BBD /* CreateTestScenarioDialog.swift in Sources */ = {isa = PBXBuildFile; fileRef = 8AC760782B4EF9EE00530BBD /* CreateTestScenarioDialog.swift */; };
		8AD4A66D2B4F03D400B2F05B /* MonkeyTestingScreen.swift in Sources */ = {isa = PBXBuildFile; fileRef = 8AD4A66C2B4F03D400B2F05B /* MonkeyTestingScreen.swift */; };
		8AD4A66F2B4F03F300B2F05B /* TapperConsts.swift in Sources */ = {isa = PBXBuildFile; fileRef = 8AD4A66E2B4F03F300B2F05B /* TapperConsts.swift */; };
		8AD4A6712B5159EB00B2F05B /* PickerOptionsScreen.swift in Sources */ = {isa = PBXBuildFile; fileRef = 8AD4A6702B5159EB00B2F05B /* PickerOptionsScreen.swift */; };
		8AD4A6732B52F7E200B2F05B /* GeneralOptionCommand.swift in Sources */ = {isa = PBXBuildFile; fileRef = 8AD4A6722B52F7E200B2F05B /* GeneralOptionCommand.swift */; };
		8AD4A6752B52F87000B2F05B /* PickerViewModel.swift in Sources */ = {isa = PBXBuildFile; fileRef = 8AD4A6742B52F87000B2F05B /* PickerViewModel.swift */; };
		8AD4A6772B52F8B300B2F05B /* TapperPickerType.swift in Sources */ = {isa = PBXBuildFile; fileRef = 8AD4A6762B52F8B300B2F05B /* TapperPickerType.swift */; };
		8AD4A6792B53019900B2F05B /* PickerOptionEntityDetails.swift in Sources */ = {isa = PBXBuildFile; fileRef = 8AD4A6782B53019900B2F05B /* PickerOptionEntityDetails.swift */; };
		8AD4A67C2B53146C00B2F05B /* DeveloperOptionCommand.swift in Sources */ = {isa = PBXBuildFile; fileRef = 8AD4A67B2B53146C00B2F05B /* DeveloperOptionCommand.swift */; };
		8AD4A67E2B5317BF00B2F05B /* TestFunctionCommand.swift in Sources */ = {isa = PBXBuildFile; fileRef = 8AD4A67D2B5317BF00B2F05B /* TestFunctionCommand.swift */; };
		8AF0BBD62B64F0DD00F79B39 /* TapperMenu.swift in Sources */ = {isa = PBXBuildFile; fileRef = 8AF0BBD52B64F0DD00F79B39 /* TapperMenu.swift */; };
		8AF0BBD82B64F13E00F79B39 /* TapperTopMenuView.swift in Sources */ = {isa = PBXBuildFile; fileRef = 8AF0BBD72B64F13E00F79B39 /* TapperTopMenuView.swift */; };
		8AF0BBDA2B64F25800F79B39 /* AppDelegate.swift in Sources */ = {isa = PBXBuildFile; fileRef = 8AF0BBD92B64F25800F79B39 /* AppDelegate.swift */; };
		8AF0BBDC2B64F96B00F79B39 /* Credits.rtf in Resources */ = {isa = PBXBuildFile; fileRef = 8AF0BBDB2B64F96B00F79B39 /* Credits.rtf */; };
/* End PBXBuildFile section */

/* Begin PBXContainerItemProxy section */
		8A6A05C02B5A54CE00BBDEE2 /* PBXContainerItemProxy */ = {
			isa = PBXContainerItemProxy;
			containerPortal = 8A9D40C02B48F123009CB2DB /* Project object */;
			proxyType = 1;
			remoteGlobalIDString = 8A6A05AF2B5A54CD00BBDEE2;
			remoteInfo = TapperWidgetsExtension;
		};
/* End PBXContainerItemProxy section */

/* Begin PBXCopyFilesBuildPhase section */
		8A6A05C62B5A54CE00BBDEE2 /* Embed Foundation Extensions */ = {
			isa = PBXCopyFilesBuildPhase;
			buildActionMask = 2147483647;
			dstPath = "";
			dstSubfolderSpec = 13;
			files = (
				8A6A05C22B5A54CE00BBDEE2 /* TapperWidgetsExtension.appex in Embed Foundation Extensions */,
			);
			name = "Embed Foundation Extensions";
			runOnlyForDeploymentPostprocessing = 0;
		};
/* End PBXCopyFilesBuildPhase section */

/* Begin PBXFileReference section */
		8A05358B2B66C7BB004B88DA /* DeviceInfoScreen.swift */ = {isa = PBXFileReference; lastKnownFileType = sourcecode.swift; path = DeviceInfoScreen.swift; sourceTree = "<group>"; };
		8A6A05B02B5A54CD00BBDEE2 /* TapperWidgetsExtension.appex */ = {isa = PBXFileReference; explicitFileType = "wrapper.app-extension"; includeInIndex = 0; path = TapperWidgetsExtension.appex; sourceTree = BUILT_PRODUCTS_DIR; };
		8A6A05B12B5A54CD00BBDEE2 /* WidgetKit.framework */ = {isa = PBXFileReference; lastKnownFileType = wrapper.framework; name = WidgetKit.framework; path = System/Library/Frameworks/WidgetKit.framework; sourceTree = SDKROOT; };
		8A6A05B32B5A54CD00BBDEE2 /* SwiftUI.framework */ = {isa = PBXFileReference; lastKnownFileType = wrapper.framework; name = SwiftUI.framework; path = System/Library/Frameworks/SwiftUI.framework; sourceTree = SDKROOT; };
		8A6A05B62B5A54CD00BBDEE2 /* TapperWidgetsBundle.swift */ = {isa = PBXFileReference; lastKnownFileType = sourcecode.swift; path = TapperWidgetsBundle.swift; sourceTree = "<group>"; };
		8A6A05B82B5A54CD00BBDEE2 /* TapperWidgets.swift */ = {isa = PBXFileReference; lastKnownFileType = sourcecode.swift; path = TapperWidgets.swift; sourceTree = "<group>"; };
		8A6A05BA2B5A54CD00BBDEE2 /* AppIntent.swift */ = {isa = PBXFileReference; lastKnownFileType = sourcecode.swift; path = AppIntent.swift; sourceTree = "<group>"; };
		8A6A05BC2B5A54CE00BBDEE2 /* Assets.xcassets */ = {isa = PBXFileReference; lastKnownFileType = folder.assetcatalog; path = Assets.xcassets; sourceTree = "<group>"; };
		8A6A05BE2B5A54CE00BBDEE2 /* Info.plist */ = {isa = PBXFileReference; lastKnownFileType = text.plist.xml; path = Info.plist; sourceTree = "<group>"; };
		8A6A05BF2B5A54CE00BBDEE2 /* TapperWidgets.entitlements */ = {isa = PBXFileReference; lastKnownFileType = text.plist.entitlements; path = TapperWidgets.entitlements; sourceTree = "<group>"; };
		8A8CF7B72B59A0D700CD0214 /* RealmTestCommandEntity.swift */ = {isa = PBXFileReference; lastKnownFileType = sourcecode.swift; path = RealmTestCommandEntity.swift; sourceTree = "<group>"; };
		8A8CF7B92B59A13100CD0214 /* TapperTestCommandsDataSource.swift */ = {isa = PBXFileReference; lastKnownFileType = sourcecode.swift; path = TapperTestCommandsDataSource.swift; sourceTree = "<group>"; };
		8A8CF7BB2B59A20B00CD0214 /* TapperTestCommandEntity.swift */ = {isa = PBXFileReference; lastKnownFileType = sourcecode.swift; path = TapperTestCommandEntity.swift; sourceTree = "<group>"; };
		8A8CF7BD2B59A2A700CD0214 /* TapperCommandListView.swift */ = {isa = PBXFileReference; lastKnownFileType = sourcecode.swift; path = TapperCommandListView.swift; sourceTree = "<group>"; };
		8A8CF7C02B59A56A00CD0214 /* CreateScenarioCommandDialog.swift */ = {isa = PBXFileReference; lastKnownFileType = sourcecode.swift; path = CreateScenarioCommandDialog.swift; sourceTree = "<group>"; };
		8A9D40C82B48F123009CB2DB /* Tapper.app */ = {isa = PBXFileReference; explicitFileType = wrapper.application; includeInIndex = 0; path = Tapper.app; sourceTree = BUILT_PRODUCTS_DIR; };
		8A9D40CB2B48F123009CB2DB /* TapperApp.swift */ = {isa = PBXFileReference; lastKnownFileType = sourcecode.swift; path = TapperApp.swift; sourceTree = "<group>"; };
		8A9D40D12B48F124009CB2DB /* Assets.xcassets */ = {isa = PBXFileReference; lastKnownFileType = folder.assetcatalog; path = Assets.xcassets; sourceTree = "<group>"; };
		8A9D40D42B48F124009CB2DB /* Preview Assets.xcassets */ = {isa = PBXFileReference; lastKnownFileType = folder.assetcatalog; path = "Preview Assets.xcassets"; sourceTree = "<group>"; };
		8A9D40D62B48F124009CB2DB /* Tapper.entitlements */ = {isa = PBXFileReference; lastKnownFileType = text.plist.entitlements; path = Tapper.entitlements; sourceTree = "<group>"; };
		8A9D40E02B48F4E6009CB2DB /* SplashScreen.swift */ = {isa = PBXFileReference; lastKnownFileType = sourcecode.swift; path = SplashScreen.swift; sourceTree = "<group>"; };
		8A9D40E22B48F4EF009CB2DB /* HomeScreen.swift */ = {isa = PBXFileReference; lastKnownFileType = sourcecode.swift; path = HomeScreen.swift; sourceTree = "<group>"; };
		8A9D40E52B49BC28009CB2DB /* TapperUtils.swift */ = {isa = PBXFileReference; lastKnownFileType = sourcecode.swift; path = TapperUtils.swift; sourceTree = "<group>"; };
		8A9D40E82B49C214009CB2DB /* SplashScreenNavigationListener.swift */ = {isa = PBXFileReference; lastKnownFileType = sourcecode.swift; path = SplashScreenNavigationListener.swift; sourceTree = "<group>"; };
		8A9D40EA2B49D0E2009CB2DB /* HomeOptionsBlurView.swift */ = {isa = PBXFileReference; lastKnownFileType = sourcecode.swift; path = HomeOptionsBlurView.swift; sourceTree = "<group>"; };
		8A9D40EC2B49D4FF009CB2DB /* TapperApplicationModel.swift */ = {isa = PBXFileReference; lastKnownFileType = sourcecode.swift; path = TapperApplicationModel.swift; sourceTree = "<group>"; };
		8A9D40EE2B49D534009CB2DB /* HomeViewModel.swift */ = {isa = PBXFileReference; lastKnownFileType = sourcecode.swift; path = HomeViewModel.swift; sourceTree = "<group>"; };
		8A9D40F02B49D83E009CB2DB /* TapperAppCellView.swift */ = {isa = PBXFileReference; lastKnownFileType = sourcecode.swift; path = TapperAppCellView.swift; sourceTree = "<group>"; };
		8A9D40F22B49DAF8009CB2DB /* TapperCommandOption.swift */ = {isa = PBXFileReference; lastKnownFileType = sourcecode.swift; path = TapperCommandOption.swift; sourceTree = "<group>"; };
		8A9D40F42B49DDC1009CB2DB /* TapperCommandView.swift */ = {isa = PBXFileReference; lastKnownFileType = sourcecode.swift; path = TapperCommandView.swift; sourceTree = "<group>"; };
		8A9D40F92B49E42F009CB2DB /* RealmApplicationEntity.swift */ = {isa = PBXFileReference; lastKnownFileType = sourcecode.swift; path = RealmApplicationEntity.swift; sourceTree = "<group>"; };
		8AC760512B49E69C00530BBD /* TapperApplicationsDataSource.swift */ = {isa = PBXFileReference; lastKnownFileType = sourcecode.swift; path = TapperApplicationsDataSource.swift; sourceTree = "<group>"; };
		8AC760532B49EB6B00530BBD /* ApplicationCreationDialogView.swift */ = {isa = PBXFileReference; lastKnownFileType = sourcecode.swift; path = ApplicationCreationDialogView.swift; sourceTree = "<group>"; };
		8AC760562B4B57C700530BBD /* HomeDefaultScreenView.swift */ = {isa = PBXFileReference; lastKnownFileType = sourcecode.swift; path = HomeDefaultScreenView.swift; sourceTree = "<group>"; };
		8AC760582B4B57D900530BBD /* HomeScreenContentType.swift */ = {isa = PBXFileReference; lastKnownFileType = sourcecode.swift; path = HomeScreenContentType.swift; sourceTree = "<group>"; };
		8AC7605A2B4B58B900530BBD /* HomeApplicationView.swift */ = {isa = PBXFileReference; lastKnownFileType = sourcecode.swift; path = HomeApplicationView.swift; sourceTree = "<group>"; };
		8AC7605C2B4B58C300530BBD /* TestScenarioScreen.swift */ = {isa = PBXFileReference; lastKnownFileType = sourcecode.swift; path = TestScenarioScreen.swift; sourceTree = "<group>"; };
		8AC760622B4B59F600530BBD /* HomeBottomStatusBarView.swift */ = {isa = PBXFileReference; lastKnownFileType = sourcecode.swift; path = HomeBottomStatusBarView.swift; sourceTree = "<group>"; };
		8AC760642B4B5A3A00530BBD /* HomeStatusBarView.swift */ = {isa = PBXFileReference; lastKnownFileType = sourcecode.swift; path = HomeStatusBarView.swift; sourceTree = "<group>"; };
		8AC760662B4B5CE000530BBD /* TapperCommandTimerManager.swift */ = {isa = PBXFileReference; lastKnownFileType = sourcecode.swift; path = TapperCommandTimerManager.swift; sourceTree = "<group>"; };
		8AC760682B4B5D2A00530BBD /* TapperHomeCommandType.swift */ = {isa = PBXFileReference; lastKnownFileType = sourcecode.swift; path = TapperHomeCommandType.swift; sourceTree = "<group>"; };
		8AC7606A2B4B813A00530BBD /* ApplicationSettingsDialog.swift */ = {isa = PBXFileReference; lastKnownFileType = sourcecode.swift; path = ApplicationSettingsDialog.swift; sourceTree = "<group>"; };
		8AC7606C2B4B832C00530BBD /* TapperPathsStorageManager.swift */ = {isa = PBXFileReference; lastKnownFileType = sourcecode.swift; path = TapperPathsStorageManager.swift; sourceTree = "<group>"; };
		8AC7606E2B4BA2C400530BBD /* .gitignore */ = {isa = PBXFileReference; lastKnownFileType = text; path = .gitignore; sourceTree = "<group>"; };
		8AC760702B4DF91500530BBD /* TestScenarioView.swift */ = {isa = PBXFileReference; lastKnownFileType = sourcecode.swift; path = TestScenarioView.swift; sourceTree = "<group>"; };
		8AC760722B4DF92C00530BBD /* RealmTestScenarioEntity.swift */ = {isa = PBXFileReference; lastKnownFileType = sourcecode.swift; path = RealmTestScenarioEntity.swift; sourceTree = "<group>"; };
		8AC760742B4DF9ED00530BBD /* TapperTestScenarioModel.swift */ = {isa = PBXFileReference; lastKnownFileType = sourcecode.swift; path = TapperTestScenarioModel.swift; sourceTree = "<group>"; };
		8AC760762B4DFABB00530BBD /* TapperTestScenariosDataSource.swift */ = {isa = PBXFileReference; lastKnownFileType = sourcecode.swift; path = TapperTestScenariosDataSource.swift; sourceTree = "<group>"; };
		8AC760782B4EF9EE00530BBD /* CreateTestScenarioDialog.swift */ = {isa = PBXFileReference; lastKnownFileType = sourcecode.swift; path = CreateTestScenarioDialog.swift; sourceTree = "<group>"; };
		8AD4A66B2B4F033F00B2F05B /* Info.plist */ = {isa = PBXFileReference; lastKnownFileType = text.plist; path = Info.plist; sourceTree = "<group>"; };
		8AD4A66C2B4F03D400B2F05B /* MonkeyTestingScreen.swift */ = {isa = PBXFileReference; lastKnownFileType = sourcecode.swift; path = MonkeyTestingScreen.swift; sourceTree = "<group>"; };
		8AD4A66E2B4F03F300B2F05B /* TapperConsts.swift */ = {isa = PBXFileReference; lastKnownFileType = sourcecode.swift; path = TapperConsts.swift; sourceTree = "<group>"; };
		8AD4A6702B5159EB00B2F05B /* PickerOptionsScreen.swift */ = {isa = PBXFileReference; lastKnownFileType = sourcecode.swift; path = PickerOptionsScreen.swift; sourceTree = "<group>"; };
		8AD4A6722B52F7E200B2F05B /* GeneralOptionCommand.swift */ = {isa = PBXFileReference; lastKnownFileType = sourcecode.swift; path = GeneralOptionCommand.swift; sourceTree = "<group>"; };
		8AD4A6742B52F87000B2F05B /* PickerViewModel.swift */ = {isa = PBXFileReference; lastKnownFileType = sourcecode.swift; path = PickerViewModel.swift; sourceTree = "<group>"; };
		8AD4A6762B52F8B300B2F05B /* TapperPickerType.swift */ = {isa = PBXFileReference; lastKnownFileType = sourcecode.swift; path = TapperPickerType.swift; sourceTree = "<group>"; };
		8AD4A6782B53019900B2F05B /* PickerOptionEntityDetails.swift */ = {isa = PBXFileReference; lastKnownFileType = sourcecode.swift; path = PickerOptionEntityDetails.swift; sourceTree = "<group>"; };
		8AD4A67B2B53146C00B2F05B /* DeveloperOptionCommand.swift */ = {isa = PBXFileReference; lastKnownFileType = sourcecode.swift; path = DeveloperOptionCommand.swift; sourceTree = "<group>"; };
		8AD4A67D2B5317BF00B2F05B /* TestFunctionCommand.swift */ = {isa = PBXFileReference; lastKnownFileType = sourcecode.swift; path = TestFunctionCommand.swift; sourceTree = "<group>"; };
		8AF0BBD52B64F0DD00F79B39 /* TapperMenu.swift */ = {isa = PBXFileReference; lastKnownFileType = sourcecode.swift; path = TapperMenu.swift; sourceTree = "<group>"; };
		8AF0BBD72B64F13E00F79B39 /* TapperTopMenuView.swift */ = {isa = PBXFileReference; lastKnownFileType = sourcecode.swift; path = TapperTopMenuView.swift; sourceTree = "<group>"; };
		8AF0BBD92B64F25800F79B39 /* AppDelegate.swift */ = {isa = PBXFileReference; lastKnownFileType = sourcecode.swift; path = AppDelegate.swift; sourceTree = "<group>"; };
		8AF0BBDB2B64F96B00F79B39 /* Credits.rtf */ = {isa = PBXFileReference; lastKnownFileType = text.rtf; path = Credits.rtf; sourceTree = "<group>"; };
		C8FD477F3D6ECACDE0E3AEA3 /* Pods-Tapper.release.xcconfig */ = {isa = PBXFileReference; includeInIndex = 1; lastKnownFileType = text.xcconfig; name = "Pods-Tapper.release.xcconfig"; path = "Target Support Files/Pods-Tapper/Pods-Tapper.release.xcconfig"; sourceTree = "<group>"; };
		F26D3965327B582E144E1D51 /* Pods_Tapper.framework */ = {isa = PBXFileReference; explicitFileType = wrapper.framework; includeInIndex = 0; path = Pods_Tapper.framework; sourceTree = BUILT_PRODUCTS_DIR; };
		F76B1AD878E6EF89CDEBCE5F /* Pods-Tapper.debug.xcconfig */ = {isa = PBXFileReference; includeInIndex = 1; lastKnownFileType = text.xcconfig; name = "Pods-Tapper.debug.xcconfig"; path = "Target Support Files/Pods-Tapper/Pods-Tapper.debug.xcconfig"; sourceTree = "<group>"; };
/* End PBXFileReference section */

/* Begin PBXFrameworksBuildPhase section */
		8A6A05AD2B5A54CD00BBDEE2 /* Frameworks */ = {
			isa = PBXFrameworksBuildPhase;
			buildActionMask = 2147483647;
			files = (
				8A6A05B42B5A54CD00BBDEE2 /* SwiftUI.framework in Frameworks */,
				8A6A05B22B5A54CD00BBDEE2 /* WidgetKit.framework in Frameworks */,
			);
			runOnlyForDeploymentPostprocessing = 0;
		};
		8A9D40C52B48F123009CB2DB /* Frameworks */ = {
			isa = PBXFrameworksBuildPhase;
			buildActionMask = 2147483647;
			files = (
				0FBF51B4CB8F49B004ACBAD6 /* Pods_Tapper.framework in Frameworks */,
			);
			runOnlyForDeploymentPostprocessing = 0;
		};
/* End PBXFrameworksBuildPhase section */

/* Begin PBXGroup section */
		752B3E7E5A0B7F8A570A75AE /* Pods */ = {
			isa = PBXGroup;
			children = (
				F76B1AD878E6EF89CDEBCE5F /* Pods-Tapper.debug.xcconfig */,
				C8FD477F3D6ECACDE0E3AEA3 /* Pods-Tapper.release.xcconfig */,
			);
			path = Pods;
			sourceTree = "<group>";
		};
		8A6A05B52B5A54CD00BBDEE2 /* TapperWidgets */ = {
			isa = PBXGroup;
			children = (
				8A6A05B62B5A54CD00BBDEE2 /* TapperWidgetsBundle.swift */,
				8A6A05B82B5A54CD00BBDEE2 /* TapperWidgets.swift */,
				8A6A05BA2B5A54CD00BBDEE2 /* AppIntent.swift */,
				8A6A05BC2B5A54CE00BBDEE2 /* Assets.xcassets */,
				8A6A05BE2B5A54CE00BBDEE2 /* Info.plist */,
				8A6A05BF2B5A54CE00BBDEE2 /* TapperWidgets.entitlements */,
			);
			path = TapperWidgets;
			sourceTree = "<group>";
		};
		8A8CF7BF2B59A50600CD0214 /* Dialogs */ = {
			isa = PBXGroup;
			children = (
				8AC760532B49EB6B00530BBD /* ApplicationCreationDialogView.swift */,
				8AC7606A2B4B813A00530BBD /* ApplicationSettingsDialog.swift */,
				8AC760782B4EF9EE00530BBD /* CreateTestScenarioDialog.swift */,
				8A8CF7C02B59A56A00CD0214 /* CreateScenarioCommandDialog.swift */,
			);
			path = Dialogs;
			sourceTree = "<group>";
		};
		8A9D40BF2B48F123009CB2DB = {
			isa = PBXGroup;
			children = (
				8AC7606E2B4BA2C400530BBD /* .gitignore */,
				8A9D40CA2B48F123009CB2DB /* Tapper */,
				8A6A05B52B5A54CD00BBDEE2 /* TapperWidgets */,
				8A9D40C92B48F123009CB2DB /* Products */,
				752B3E7E5A0B7F8A570A75AE /* Pods */,
				A58F688DE6EC499D0C25998C /* Frameworks */,
			);
			sourceTree = "<group>";
		};
		8A9D40C92B48F123009CB2DB /* Products */ = {
			isa = PBXGroup;
			children = (
				8A9D40C82B48F123009CB2DB /* Tapper.app */,
				8A6A05B02B5A54CD00BBDEE2 /* TapperWidgetsExtension.appex */,
			);
			name = Products;
			sourceTree = "<group>";
		};
		8A9D40CA2B48F123009CB2DB /* Tapper */ = {
			isa = PBXGroup;
			children = (
				8AF0BBD42B64F0D500F79B39 /* Menu */,
				8A8CF7BF2B59A50600CD0214 /* Dialogs */,
				8AD4A66B2B4F033F00B2F05B /* Info.plist */,
				8A9D40F62B49E414009CB2DB /* Database */,
				8A9D40E72B49C1FE009CB2DB /* Listeners */,
				8A9D40E42B49BC1F009CB2DB /* Utils */,
				8A9D40DF2B48F4D5009CB2DB /* Entities */,
				8A9D40DE2B48F4D0009CB2DB /* ViewModels */,
				8A9D40DD2B48F4CA009CB2DB /* Views */,
				8A9D40DC2B48F4C4009CB2DB /* Screens */,
				8A9D40CB2B48F123009CB2DB /* TapperApp.swift */,
				8A9D40D12B48F124009CB2DB /* Assets.xcassets */,
				8A9D40D62B48F124009CB2DB /* Tapper.entitlements */,
				8A9D40D32B48F124009CB2DB /* Preview Content */,
				8AF0BBD92B64F25800F79B39 /* AppDelegate.swift */,
				8AF0BBDB2B64F96B00F79B39 /* Credits.rtf */,
			);
			path = Tapper;
			sourceTree = "<group>";
		};
		8A9D40D32B48F124009CB2DB /* Preview Content */ = {
			isa = PBXGroup;
			children = (
				8A9D40D42B48F124009CB2DB /* Preview Assets.xcassets */,
			);
			path = "Preview Content";
			sourceTree = "<group>";
		};
		8A9D40DC2B48F4C4009CB2DB /* Screens */ = {
			isa = PBXGroup;
			children = (
				8AC760552B4B57BC00530BBD /* Home */,
				8A9D40E02B48F4E6009CB2DB /* SplashScreen.swift */,
				8A9D40E22B48F4EF009CB2DB /* HomeScreen.swift */,
				8AD4A66C2B4F03D400B2F05B /* MonkeyTestingScreen.swift */,
				8AD4A6702B5159EB00B2F05B /* PickerOptionsScreen.swift */,
				8A05358B2B66C7BB004B88DA /* DeviceInfoScreen.swift */,
			);
			path = Screens;
			sourceTree = "<group>";
		};
		8A9D40DD2B48F4CA009CB2DB /* Views */ = {
			isa = PBXGroup;
			children = (
				8A9D40F02B49D83E009CB2DB /* TapperAppCellView.swift */,
				8A9D40F42B49DDC1009CB2DB /* TapperCommandView.swift */,
				8AC760642B4B5A3A00530BBD /* HomeStatusBarView.swift */,
				8AC760702B4DF91500530BBD /* TestScenarioView.swift */,
				8A8CF7BD2B59A2A700CD0214 /* TapperCommandListView.swift */,
			);
			path = Views;
			sourceTree = "<group>";
		};
		8A9D40DE2B48F4D0009CB2DB /* ViewModels */ = {
			isa = PBXGroup;
			children = (
				8A9D40EE2B49D534009CB2DB /* HomeViewModel.swift */,
				8AD4A6742B52F87000B2F05B /* PickerViewModel.swift */,
			);
			path = ViewModels;
			sourceTree = "<group>";
		};
		8A9D40DF2B48F4D5009CB2DB /* Entities */ = {
			isa = PBXGroup;
			children = (
				8AD4A67A2B53142900B2F05B /* Commands */,
				8A9D40EC2B49D4FF009CB2DB /* TapperApplicationModel.swift */,
				8A9D40F22B49DAF8009CB2DB /* TapperCommandOption.swift */,
				8AC760582B4B57D900530BBD /* HomeScreenContentType.swift */,
				8AC760682B4B5D2A00530BBD /* TapperHomeCommandType.swift */,
				8AC760742B4DF9ED00530BBD /* TapperTestScenarioModel.swift */,
				8AD4A66E2B4F03F300B2F05B /* TapperConsts.swift */,
				8AD4A6762B52F8B300B2F05B /* TapperPickerType.swift */,
				8AD4A6782B53019900B2F05B /* PickerOptionEntityDetails.swift */,
				8A8CF7BB2B59A20B00CD0214 /* TapperTestCommandEntity.swift */,
			);
			path = Entities;
			sourceTree = "<group>";
		};
		8A9D40E42B49BC1F009CB2DB /* Utils */ = {
			isa = PBXGroup;
			children = (
				8A9D40E52B49BC28009CB2DB /* TapperUtils.swift */,
				8A9D40EA2B49D0E2009CB2DB /* HomeOptionsBlurView.swift */,
				8AC760662B4B5CE000530BBD /* TapperCommandTimerManager.swift */,
				8AC7606C2B4B832C00530BBD /* TapperPathsStorageManager.swift */,
			);
			path = Utils;
			sourceTree = "<group>";
		};
		8A9D40E72B49C1FE009CB2DB /* Listeners */ = {
			isa = PBXGroup;
			children = (
				8A9D40E82B49C214009CB2DB /* SplashScreenNavigationListener.swift */,
			);
			path = Listeners;
			sourceTree = "<group>";
		};
		8A9D40F62B49E414009CB2DB /* Database */ = {
			isa = PBXGroup;
			children = (
				8A9D40F82B49E422009CB2DB /* DataSources */,
				8A9D40F72B49E41D009CB2DB /* Models */,
			);
			path = Database;
			sourceTree = "<group>";
		};
		8A9D40F72B49E41D009CB2DB /* Models */ = {
			isa = PBXGroup;
			children = (
				8A9D40F92B49E42F009CB2DB /* RealmApplicationEntity.swift */,
				8AC760722B4DF92C00530BBD /* RealmTestScenarioEntity.swift */,
				8A8CF7B72B59A0D700CD0214 /* RealmTestCommandEntity.swift */,
			);
			path = Models;
			sourceTree = "<group>";
		};
		8A9D40F82B49E422009CB2DB /* DataSources */ = {
			isa = PBXGroup;
			children = (
				8AC760512B49E69C00530BBD /* TapperApplicationsDataSource.swift */,
				8AC760762B4DFABB00530BBD /* TapperTestScenariosDataSource.swift */,
				8A8CF7B92B59A13100CD0214 /* TapperTestCommandsDataSource.swift */,
			);
			path = DataSources;
			sourceTree = "<group>";
		};
		8AC760552B4B57BC00530BBD /* Home */ = {
			isa = PBXGroup;
			children = (
				8AC760562B4B57C700530BBD /* HomeDefaultScreenView.swift */,
				8AC7605A2B4B58B900530BBD /* HomeApplicationView.swift */,
				8AC7605C2B4B58C300530BBD /* TestScenarioScreen.swift */,
				8AC760622B4B59F600530BBD /* HomeBottomStatusBarView.swift */,
			);
			path = Home;
			sourceTree = "<group>";
		};
		8AD4A67A2B53142900B2F05B /* Commands */ = {
			isa = PBXGroup;
			children = (
				8AD4A6722B52F7E200B2F05B /* GeneralOptionCommand.swift */,
				8AD4A67B2B53146C00B2F05B /* DeveloperOptionCommand.swift */,
				8AD4A67D2B5317BF00B2F05B /* TestFunctionCommand.swift */,
			);
			path = Commands;
			sourceTree = "<group>";
		};
		8AF0BBD42B64F0D500F79B39 /* Menu */ = {
			isa = PBXGroup;
			children = (
				8AF0BBD52B64F0DD00F79B39 /* TapperMenu.swift */,
				8AF0BBD72B64F13E00F79B39 /* TapperTopMenuView.swift */,
			);
			path = Menu;
			sourceTree = "<group>";
		};
		A58F688DE6EC499D0C25998C /* Frameworks */ = {
			isa = PBXGroup;
			children = (
				F26D3965327B582E144E1D51 /* Pods_Tapper.framework */,
				8A6A05B12B5A54CD00BBDEE2 /* WidgetKit.framework */,
				8A6A05B32B5A54CD00BBDEE2 /* SwiftUI.framework */,
			);
			name = Frameworks;
			sourceTree = "<group>";
		};
/* End PBXGroup section */

/* Begin PBXNativeTarget section */
		8A6A05AF2B5A54CD00BBDEE2 /* TapperWidgetsExtension */ = {
			isa = PBXNativeTarget;
			buildConfigurationList = 8A6A05C32B5A54CE00BBDEE2 /* Build configuration list for PBXNativeTarget "TapperWidgetsExtension" */;
			buildPhases = (
				8A6A05AC2B5A54CD00BBDEE2 /* Sources */,
				8A6A05AD2B5A54CD00BBDEE2 /* Frameworks */,
				8A6A05AE2B5A54CD00BBDEE2 /* Resources */,
			);
			buildRules = (
			);
			dependencies = (
			);
			name = TapperWidgetsExtension;
			productName = TapperWidgetsExtension;
			productReference = 8A6A05B02B5A54CD00BBDEE2 /* TapperWidgetsExtension.appex */;
			productType = "com.apple.product-type.app-extension";
		};
		8A9D40C72B48F123009CB2DB /* Tapper */ = {
			isa = PBXNativeTarget;
			buildConfigurationList = 8A9D40D92B48F124009CB2DB /* Build configuration list for PBXNativeTarget "Tapper" */;
			buildPhases = (
				3842972EE4877096FBF7E064 /* [CP] Check Pods Manifest.lock */,
				8A9D40C42B48F123009CB2DB /* Sources */,
				8A9D40C52B48F123009CB2DB /* Frameworks */,
				8A9D40C62B48F123009CB2DB /* Resources */,
				C5591FAADE8C0DA58C9B09E9 /* [CP] Embed Pods Frameworks */,
				8A6A05C62B5A54CE00BBDEE2 /* Embed Foundation Extensions */,
			);
			buildRules = (
			);
			dependencies = (
				8A6A05C12B5A54CE00BBDEE2 /* PBXTargetDependency */,
			);
			name = Tapper;
			productName = Tapper;
			productReference = 8A9D40C82B48F123009CB2DB /* Tapper.app */;
			productType = "com.apple.product-type.application";
		};
/* End PBXNativeTarget section */

/* Begin PBXProject section */
		8A9D40C02B48F123009CB2DB /* Project object */ = {
			isa = PBXProject;
			attributes = {
				BuildIndependentTargetsInParallel = 1;
				LastSwiftUpdateCheck = 1500;
				LastUpgradeCheck = 1500;
				TargetAttributes = {
					8A6A05AF2B5A54CD00BBDEE2 = {
						CreatedOnToolsVersion = 15.0.1;
					};
					8A9D40C72B48F123009CB2DB = {
						CreatedOnToolsVersion = 15.0.1;
					};
				};
			};
			buildConfigurationList = 8A9D40C32B48F123009CB2DB /* Build configuration list for PBXProject "Tapper" */;
			compatibilityVersion = "Xcode 14.0";
			developmentRegion = en;
			hasScannedForEncodings = 0;
			knownRegions = (
				en,
				Base,
			);
			mainGroup = 8A9D40BF2B48F123009CB2DB;
			productRefGroup = 8A9D40C92B48F123009CB2DB /* Products */;
			projectDirPath = "";
			projectRoot = "";
			targets = (
				8A9D40C72B48F123009CB2DB /* Tapper */,
				8A6A05AF2B5A54CD00BBDEE2 /* TapperWidgetsExtension */,
			);
		};
/* End PBXProject section */

/* Begin PBXResourcesBuildPhase section */
		8A6A05AE2B5A54CD00BBDEE2 /* Resources */ = {
			isa = PBXResourcesBuildPhase;
			buildActionMask = 2147483647;
			files = (
				8A6A05BD2B5A54CE00BBDEE2 /* Assets.xcassets in Resources */,
			);
			runOnlyForDeploymentPostprocessing = 0;
		};
		8A9D40C62B48F123009CB2DB /* Resources */ = {
			isa = PBXResourcesBuildPhase;
			buildActionMask = 2147483647;
			files = (
				8A9D40D52B48F124009CB2DB /* Preview Assets.xcassets in Resources */,
				8AC7606F2B4BA2C400530BBD /* .gitignore in Resources */,
				8A9D40D22B48F124009CB2DB /* Assets.xcassets in Resources */,
				8AF0BBDC2B64F96B00F79B39 /* Credits.rtf in Resources */,
			);
			runOnlyForDeploymentPostprocessing = 0;
		};
/* End PBXResourcesBuildPhase section */

/* Begin PBXShellScriptBuildPhase section */
		3842972EE4877096FBF7E064 /* [CP] Check Pods Manifest.lock */ = {
			isa = PBXShellScriptBuildPhase;
			buildActionMask = 2147483647;
			files = (
			);
			inputFileListPaths = (
			);
			inputPaths = (
				"${PODS_PODFILE_DIR_PATH}/Podfile.lock",
				"${PODS_ROOT}/Manifest.lock",
			);
			name = "[CP] Check Pods Manifest.lock";
			outputFileListPaths = (
			);
			outputPaths = (
				"$(DERIVED_FILE_DIR)/Pods-Tapper-checkManifestLockResult.txt",
			);
			runOnlyForDeploymentPostprocessing = 0;
			shellPath = /bin/sh;
			shellScript = "diff \"${PODS_PODFILE_DIR_PATH}/Podfile.lock\" \"${PODS_ROOT}/Manifest.lock\" > /dev/null\nif [ $? != 0 ] ; then\n    # print error to STDERR\n    echo \"error: The sandbox is not in sync with the Podfile.lock. Run 'pod install' or update your CocoaPods installation.\" >&2\n    exit 1\nfi\n# This output is used by Xcode 'outputs' to avoid re-running this script phase.\necho \"SUCCESS\" > \"${SCRIPT_OUTPUT_FILE_0}\"\n";
			showEnvVarsInLog = 0;
		};
		C5591FAADE8C0DA58C9B09E9 /* [CP] Embed Pods Frameworks */ = {
			isa = PBXShellScriptBuildPhase;
			buildActionMask = 2147483647;
			files = (
			);
			inputFileListPaths = (
				"${PODS_ROOT}/Target Support Files/Pods-Tapper/Pods-Tapper-frameworks-${CONFIGURATION}-input-files.xcfilelist",
			);
			name = "[CP] Embed Pods Frameworks";
			outputFileListPaths = (
				"${PODS_ROOT}/Target Support Files/Pods-Tapper/Pods-Tapper-frameworks-${CONFIGURATION}-output-files.xcfilelist",
			);
			runOnlyForDeploymentPostprocessing = 0;
			shellPath = /bin/sh;
			shellScript = "\"${PODS_ROOT}/Target Support Files/Pods-Tapper/Pods-Tapper-frameworks.sh\"\n";
			showEnvVarsInLog = 0;
		};
/* End PBXShellScriptBuildPhase section */

/* Begin PBXSourcesBuildPhase section */
		8A6A05AC2B5A54CD00BBDEE2 /* Sources */ = {
			isa = PBXSourcesBuildPhase;
			buildActionMask = 2147483647;
			files = (
				8A6A05B72B5A54CD00BBDEE2 /* TapperWidgetsBundle.swift in Sources */,
				8A6A05B92B5A54CD00BBDEE2 /* TapperWidgets.swift in Sources */,
				8A6A05BB2B5A54CD00BBDEE2 /* AppIntent.swift in Sources */,
			);
			runOnlyForDeploymentPostprocessing = 0;
		};
		8A9D40C42B48F123009CB2DB /* Sources */ = {
			isa = PBXSourcesBuildPhase;
			buildActionMask = 2147483647;
			files = (
				8AC7606D2B4B832C00530BBD /* TapperPathsStorageManager.swift in Sources */,
				8AC760632B4B59F600530BBD /* HomeBottomStatusBarView.swift in Sources */,
				8A9D40E12B48F4E7009CB2DB /* SplashScreen.swift in Sources */,
				8AC7605B2B4B58B900530BBD /* HomeApplicationView.swift in Sources */,
				8A9D40FA2B49E42F009CB2DB /* RealmApplicationEntity.swift in Sources */,
				8A9D40F12B49D83E009CB2DB /* TapperAppCellView.swift in Sources */,
				8A9D40F32B49DAF8009CB2DB /* TapperCommandOption.swift in Sources */,
				8A9D40EB2B49D0E2009CB2DB /* HomeOptionsBlurView.swift in Sources */,
				8A8CF7C12B59A56A00CD0214 /* CreateScenarioCommandDialog.swift in Sources */,
				8A05358C2B66C7BB004B88DA /* DeviceInfoScreen.swift in Sources */,
				8A8CF7B82B59A0D700CD0214 /* RealmTestCommandEntity.swift in Sources */,
				8AD4A6752B52F87000B2F05B /* PickerViewModel.swift in Sources */,
				8AD4A67E2B5317BF00B2F05B /* TestFunctionCommand.swift in Sources */,
				8A9D40E62B49BC28009CB2DB /* TapperUtils.swift in Sources */,
				8AD4A6732B52F7E200B2F05B /* GeneralOptionCommand.swift in Sources */,
				8AC760542B49EB6B00530BBD /* ApplicationCreationDialogView.swift in Sources */,
				8AD4A66F2B4F03F300B2F05B /* TapperConsts.swift in Sources */,
				8AC760652B4B5A3A00530BBD /* HomeStatusBarView.swift in Sources */,
				8A9D40EF2B49D534009CB2DB /* HomeViewModel.swift in Sources */,
				8AF0BBD82B64F13E00F79B39 /* TapperTopMenuView.swift in Sources */,
				8A9D40F52B49DDC1009CB2DB /* TapperCommandView.swift in Sources */,
				8AC7606B2B4B813A00530BBD /* ApplicationSettingsDialog.swift in Sources */,
				8AC760772B4DFABB00530BBD /* TapperTestScenariosDataSource.swift in Sources */,
				8AF0BBDA2B64F25800F79B39 /* AppDelegate.swift in Sources */,
				8AC760792B4EF9EE00530BBD /* CreateTestScenarioDialog.swift in Sources */,
				8AC760692B4B5D2A00530BBD /* TapperHomeCommandType.swift in Sources */,
				8A8CF7BA2B59A13100CD0214 /* TapperTestCommandsDataSource.swift in Sources */,
				8AD4A6792B53019900B2F05B /* PickerOptionEntityDetails.swift in Sources */,
				8AC760672B4B5CE000530BBD /* TapperCommandTimerManager.swift in Sources */,
				8AC7605D2B4B58C300530BBD /* TestScenarioScreen.swift in Sources */,
				8AC760522B49E69C00530BBD /* TapperApplicationsDataSource.swift in Sources */,
				8AC760572B4B57C700530BBD /* HomeDefaultScreenView.swift in Sources */,
				8AC760752B4DF9ED00530BBD /* TapperTestScenarioModel.swift in Sources */,
				8AD4A6712B5159EB00B2F05B /* PickerOptionsScreen.swift in Sources */,
				8A8CF7BE2B59A2A700CD0214 /* TapperCommandListView.swift in Sources */,
				8AC760712B4DF91500530BBD /* TestScenarioView.swift in Sources */,
				8A8CF7BC2B59A20B00CD0214 /* TapperTestCommandEntity.swift in Sources */,
				8AD4A66D2B4F03D400B2F05B /* MonkeyTestingScreen.swift in Sources */,
				8A9D40E92B49C214009CB2DB /* SplashScreenNavigationListener.swift in Sources */,
				8AF0BBD62B64F0DD00F79B39 /* TapperMenu.swift in Sources */,
				8AD4A6772B52F8B300B2F05B /* TapperPickerType.swift in Sources */,
				8AC760592B4B57D900530BBD /* HomeScreenContentType.swift in Sources */,
				8A9D40E32B48F4EF009CB2DB /* HomeScreen.swift in Sources */,
				8AD4A67C2B53146C00B2F05B /* DeveloperOptionCommand.swift in Sources */,
				8A9D40ED2B49D4FF009CB2DB /* TapperApplicationModel.swift in Sources */,
				8AC760732B4DF92C00530BBD /* RealmTestScenarioEntity.swift in Sources */,
				8A9D40CC2B48F123009CB2DB /* TapperApp.swift in Sources */,
			);
			runOnlyForDeploymentPostprocessing = 0;
		};
/* End PBXSourcesBuildPhase section */

/* Begin PBXTargetDependency section */
		8A6A05C12B5A54CE00BBDEE2 /* PBXTargetDependency */ = {
			isa = PBXTargetDependency;
			target = 8A6A05AF2B5A54CD00BBDEE2 /* TapperWidgetsExtension */;
			targetProxy = 8A6A05C02B5A54CE00BBDEE2 /* PBXContainerItemProxy */;
		};
/* End PBXTargetDependency section */

/* Begin XCBuildConfiguration section */
		8A6A05C42B5A54CE00BBDEE2 /* Debug */ = {
			isa = XCBuildConfiguration;
			buildSettings = {
				ASSETCATALOG_COMPILER_GLOBAL_ACCENT_COLOR_NAME = AccentColor;
				ASSETCATALOG_COMPILER_WIDGET_BACKGROUND_COLOR_NAME = WidgetBackground;
				CODE_SIGN_ENTITLEMENTS = TapperWidgets/TapperWidgets.entitlements;
				CODE_SIGN_STYLE = Automatic;
				CURRENT_PROJECT_VERSION = 1;
				DEVELOPMENT_TEAM = U579RMQ3VY;
				ENABLE_HARDENED_RUNTIME = YES;
				GENERATE_INFOPLIST_FILE = YES;
				INFOPLIST_FILE = TapperWidgets/Info.plist;
				INFOPLIST_KEY_CFBundleDisplayName = TapperWidgets;
				INFOPLIST_KEY_NSHumanReadableCopyright = "";
				LD_RUNPATH_SEARCH_PATHS = (
					"$(inherited)",
					"@executable_path/../Frameworks",
					"@executable_path/../../../../Frameworks",
				);
				MACOSX_DEPLOYMENT_TARGET = 14.0;
				MARKETING_VERSION = 1.0;
				PRODUCT_BUNDLE_IDENTIFIER = com.tapperapp.Tapper.TapperWidgets;
				PRODUCT_NAME = "$(TARGET_NAME)";
				SKIP_INSTALL = YES;
				SWIFT_EMIT_LOC_STRINGS = YES;
				SWIFT_VERSION = 5.0;
			};
			name = Debug;
		};
		8A6A05C52B5A54CE00BBDEE2 /* Release */ = {
			isa = XCBuildConfiguration;
			buildSettings = {
				ASSETCATALOG_COMPILER_GLOBAL_ACCENT_COLOR_NAME = AccentColor;
				ASSETCATALOG_COMPILER_WIDGET_BACKGROUND_COLOR_NAME = WidgetBackground;
				CODE_SIGN_ENTITLEMENTS = TapperWidgets/TapperWidgets.entitlements;
				CODE_SIGN_STYLE = Automatic;
				CURRENT_PROJECT_VERSION = 1;
				DEVELOPMENT_TEAM = U579RMQ3VY;
				ENABLE_HARDENED_RUNTIME = YES;
				GENERATE_INFOPLIST_FILE = YES;
				INFOPLIST_FILE = TapperWidgets/Info.plist;
				INFOPLIST_KEY_CFBundleDisplayName = TapperWidgets;
				INFOPLIST_KEY_NSHumanReadableCopyright = "";
				LD_RUNPATH_SEARCH_PATHS = (
					"$(inherited)",
					"@executable_path/../Frameworks",
					"@executable_path/../../../../Frameworks",
				);
				MACOSX_DEPLOYMENT_TARGET = 14.0;
				MARKETING_VERSION = 1.0;
				PRODUCT_BUNDLE_IDENTIFIER = com.tapperapp.Tapper.TapperWidgets;
				PRODUCT_NAME = "$(TARGET_NAME)";
				SKIP_INSTALL = YES;
				SWIFT_EMIT_LOC_STRINGS = YES;
				SWIFT_VERSION = 5.0;
			};
			name = Release;
		};
		8A9D40D72B48F124009CB2DB /* Debug */ = {
			isa = XCBuildConfiguration;
			buildSettings = {
				ALWAYS_SEARCH_USER_PATHS = NO;
				ASSETCATALOG_COMPILER_GENERATE_SWIFT_ASSET_SYMBOL_EXTENSIONS = YES;
				CLANG_ANALYZER_NONNULL = YES;
				CLANG_ANALYZER_NUMBER_OBJECT_CONVERSION = YES_AGGRESSIVE;
				CLANG_CXX_LANGUAGE_STANDARD = "gnu++20";
				CLANG_ENABLE_MODULES = YES;
				CLANG_ENABLE_OBJC_ARC = YES;
				CLANG_ENABLE_OBJC_WEAK = YES;
				CLANG_WARN_BLOCK_CAPTURE_AUTORELEASING = YES;
				CLANG_WARN_BOOL_CONVERSION = YES;
				CLANG_WARN_COMMA = YES;
				CLANG_WARN_CONSTANT_CONVERSION = YES;
				CLANG_WARN_DEPRECATED_OBJC_IMPLEMENTATIONS = YES;
				CLANG_WARN_DIRECT_OBJC_ISA_USAGE = YES_ERROR;
				CLANG_WARN_DOCUMENTATION_COMMENTS = YES;
				CLANG_WARN_EMPTY_BODY = YES;
				CLANG_WARN_ENUM_CONVERSION = YES;
				CLANG_WARN_INFINITE_RECURSION = YES;
				CLANG_WARN_INT_CONVERSION = YES;
				CLANG_WARN_NON_LITERAL_NULL_CONVERSION = YES;
				CLANG_WARN_OBJC_IMPLICIT_RETAIN_SELF = YES;
				CLANG_WARN_OBJC_LITERAL_CONVERSION = YES;
				CLANG_WARN_OBJC_ROOT_CLASS = YES_ERROR;
				CLANG_WARN_QUOTED_INCLUDE_IN_FRAMEWORK_HEADER = YES;
				CLANG_WARN_RANGE_LOOP_ANALYSIS = YES;
				CLANG_WARN_STRICT_PROTOTYPES = YES;
				CLANG_WARN_SUSPICIOUS_MOVE = YES;
				CLANG_WARN_UNGUARDED_AVAILABILITY = YES_AGGRESSIVE;
				CLANG_WARN_UNREACHABLE_CODE = YES;
				CLANG_WARN__DUPLICATE_METHOD_MATCH = YES;
				COPY_PHASE_STRIP = NO;
				DEBUG_INFORMATION_FORMAT = dwarf;
				ENABLE_APP_SANDBOX = NO;
				ENABLE_HARDENED_RUNTIME = YES;
				ENABLE_STRICT_OBJC_MSGSEND = YES;
				ENABLE_TESTABILITY = YES;
				ENABLE_USER_SCRIPT_SANDBOXING = YES;
				ENABLE_USER_SELECTED_FILES = readwrite;
				GCC_C_LANGUAGE_STANDARD = gnu17;
				GCC_DYNAMIC_NO_PIC = NO;
				GCC_NO_COMMON_BLOCKS = YES;
				GCC_OPTIMIZATION_LEVEL = 0;
				GCC_PREPROCESSOR_DEFINITIONS = (
					"DEBUG=1",
					"$(inherited)",
				);
				GCC_WARN_64_TO_32_BIT_CONVERSION = YES;
				GCC_WARN_ABOUT_RETURN_TYPE = YES_ERROR;
				GCC_WARN_UNDECLARED_SELECTOR = YES;
				GCC_WARN_UNINITIALIZED_AUTOS = YES_AGGRESSIVE;
				GCC_WARN_UNUSED_FUNCTION = YES;
				GCC_WARN_UNUSED_VARIABLE = YES;
				LOCALIZATION_PREFERS_STRING_CATALOGS = YES;
				MACOSX_DEPLOYMENT_TARGET = 14.0;
				MTL_ENABLE_DEBUG_INFO = INCLUDE_SOURCE;
				MTL_FAST_MATH = YES;
				ONLY_ACTIVE_ARCH = YES;
				SDKROOT = macosx;
				SWIFT_ACTIVE_COMPILATION_CONDITIONS = "DEBUG $(inherited)";
				SWIFT_OPTIMIZATION_LEVEL = "-Onone";
			};
			name = Debug;
		};
		8A9D40D82B48F124009CB2DB /* Release */ = {
			isa = XCBuildConfiguration;
			buildSettings = {
				ALWAYS_SEARCH_USER_PATHS = NO;
				ASSETCATALOG_COMPILER_GENERATE_SWIFT_ASSET_SYMBOL_EXTENSIONS = YES;
				CLANG_ANALYZER_NONNULL = YES;
				CLANG_ANALYZER_NUMBER_OBJECT_CONVERSION = YES_AGGRESSIVE;
				CLANG_CXX_LANGUAGE_STANDARD = "gnu++20";
				CLANG_ENABLE_MODULES = YES;
				CLANG_ENABLE_OBJC_ARC = YES;
				CLANG_ENABLE_OBJC_WEAK = YES;
				CLANG_WARN_BLOCK_CAPTURE_AUTORELEASING = YES;
				CLANG_WARN_BOOL_CONVERSION = YES;
				CLANG_WARN_COMMA = YES;
				CLANG_WARN_CONSTANT_CONVERSION = YES;
				CLANG_WARN_DEPRECATED_OBJC_IMPLEMENTATIONS = YES;
				CLANG_WARN_DIRECT_OBJC_ISA_USAGE = YES_ERROR;
				CLANG_WARN_DOCUMENTATION_COMMENTS = YES;
				CLANG_WARN_EMPTY_BODY = YES;
				CLANG_WARN_ENUM_CONVERSION = YES;
				CLANG_WARN_INFINITE_RECURSION = YES;
				CLANG_WARN_INT_CONVERSION = YES;
				CLANG_WARN_NON_LITERAL_NULL_CONVERSION = YES;
				CLANG_WARN_OBJC_IMPLICIT_RETAIN_SELF = YES;
				CLANG_WARN_OBJC_LITERAL_CONVERSION = YES;
				CLANG_WARN_OBJC_ROOT_CLASS = YES_ERROR;
				CLANG_WARN_QUOTED_INCLUDE_IN_FRAMEWORK_HEADER = YES;
				CLANG_WARN_RANGE_LOOP_ANALYSIS = YES;
				CLANG_WARN_STRICT_PROTOTYPES = YES;
				CLANG_WARN_SUSPICIOUS_MOVE = YES;
				CLANG_WARN_UNGUARDED_AVAILABILITY = YES_AGGRESSIVE;
				CLANG_WARN_UNREACHABLE_CODE = YES;
				CLANG_WARN__DUPLICATE_METHOD_MATCH = YES;
				COPY_PHASE_STRIP = NO;
				DEBUG_INFORMATION_FORMAT = "dwarf-with-dsym";
				ENABLE_APP_SANDBOX = NO;
				ENABLE_HARDENED_RUNTIME = YES;
				ENABLE_NS_ASSERTIONS = NO;
				ENABLE_STRICT_OBJC_MSGSEND = YES;
				ENABLE_USER_SCRIPT_SANDBOXING = YES;
				ENABLE_USER_SELECTED_FILES = readwrite;
				GCC_C_LANGUAGE_STANDARD = gnu17;
				GCC_NO_COMMON_BLOCKS = YES;
				GCC_WARN_64_TO_32_BIT_CONVERSION = YES;
				GCC_WARN_ABOUT_RETURN_TYPE = YES_ERROR;
				GCC_WARN_UNDECLARED_SELECTOR = YES;
				GCC_WARN_UNINITIALIZED_AUTOS = YES_AGGRESSIVE;
				GCC_WARN_UNUSED_FUNCTION = YES;
				GCC_WARN_UNUSED_VARIABLE = YES;
				LOCALIZATION_PREFERS_STRING_CATALOGS = YES;
				MACOSX_DEPLOYMENT_TARGET = 14.0;
				MTL_ENABLE_DEBUG_INFO = NO;
				MTL_FAST_MATH = YES;
				SDKROOT = macosx;
				SWIFT_COMPILATION_MODE = wholemodule;
			};
			name = Release;
		};
		8A9D40DA2B48F124009CB2DB /* Debug */ = {
			isa = XCBuildConfiguration;
			baseConfigurationReference = F76B1AD878E6EF89CDEBCE5F /* Pods-Tapper.debug.xcconfig */;
			buildSettings = {
				ALWAYS_EMBED_SWIFT_STANDARD_LIBRARIES = YES;
				ASSETCATALOG_COMPILER_APPICON_NAME = AppIcon;
				ASSETCATALOG_COMPILER_GLOBAL_ACCENT_COLOR_NAME = AccentColor;
				CODE_SIGN_ENTITLEMENTS = Tapper/Tapper.entitlements;
				CODE_SIGN_STYLE = Automatic;
				COMBINE_HIDPI_IMAGES = YES;
				CURRENT_PROJECT_VERSION = 4;
				DEVELOPMENT_ASSET_PATHS = "\"Tapper/Preview Content\"";
				DEVELOPMENT_TEAM = U579RMQ3VY;
				ENABLE_APP_SANDBOX = NO;
				ENABLE_HARDENED_RUNTIME = YES;
				ENABLE_PREVIEWS = YES;
				ENABLE_USER_SCRIPT_SANDBOXING = NO;
				GENERATE_INFOPLIST_FILE = YES;
				INFOPLIST_FILE = Tapper/Info.plist;
				INFOPLIST_KEY_CFBundleDisplayName = Tapper;
				INFOPLIST_KEY_LSApplicationCategoryType = "public.app-category.developer-tools";
				INFOPLIST_KEY_NSHumanReadableCopyright = "";
				LD_RUNPATH_SEARCH_PATHS = (
					"$(inherited)",
					"@executable_path/../Frameworks",
				);
				MACOSX_DEPLOYMENT_TARGET = 14.0;
				MARKETING_VERSION = 0.1.0;
				PRODUCT_BUNDLE_IDENTIFIER = com.tapperapp.Tapper;
				PRODUCT_NAME = "$(TARGET_NAME)";
				SWIFT_EMIT_LOC_STRINGS = YES;
				SWIFT_VERSION = 5.0;
			};
			name = Debug;
		};
		8A9D40DB2B48F124009CB2DB /* Release */ = {
			isa = XCBuildConfiguration;
			baseConfigurationReference = C8FD477F3D6ECACDE0E3AEA3 /* Pods-Tapper.release.xcconfig */;
			buildSettings = {
				ALWAYS_EMBED_SWIFT_STANDARD_LIBRARIES = YES;
				ASSETCATALOG_COMPILER_APPICON_NAME = AppIcon;
				ASSETCATALOG_COMPILER_GLOBAL_ACCENT_COLOR_NAME = AccentColor;
				CODE_SIGN_ENTITLEMENTS = Tapper/Tapper.entitlements;
				CODE_SIGN_STYLE = Automatic;
				COMBINE_HIDPI_IMAGES = YES;
				CURRENT_PROJECT_VERSION = 4;
				DEVELOPMENT_ASSET_PATHS = "\"Tapper/Preview Content\"";
				DEVELOPMENT_TEAM = U579RMQ3VY;
				ENABLE_APP_SANDBOX = NO;
				ENABLE_HARDENED_RUNTIME = YES;
				ENABLE_PREVIEWS = YES;
				ENABLE_USER_SCRIPT_SANDBOXING = NO;
				GENERATE_INFOPLIST_FILE = YES;
				INFOPLIST_FILE = Tapper/Info.plist;
				INFOPLIST_KEY_CFBundleDisplayName = Tapper;
				INFOPLIST_KEY_LSApplicationCategoryType = "public.app-category.developer-tools";
				INFOPLIST_KEY_NSHumanReadableCopyright = "";
				LD_RUNPATH_SEARCH_PATHS = (
					"$(inherited)",
					"@executable_path/../Frameworks",
				);
				MACOSX_DEPLOYMENT_TARGET = 14.0;
				MARKETING_VERSION = 0.1.0;
				PRODUCT_BUNDLE_IDENTIFIER = com.tapperapp.Tapper;
				PRODUCT_NAME = "$(TARGET_NAME)";
				SWIFT_EMIT_LOC_STRINGS = YES;
				SWIFT_VERSION = 5.0;
			};
			name = Release;
		};
/* End XCBuildConfiguration section */

/* Begin XCConfigurationList section */
		8A6A05C32B5A54CE00BBDEE2 /* Build configuration list for PBXNativeTarget "TapperWidgetsExtension" */ = {
			isa = XCConfigurationList;
			buildConfigurations = (
				8A6A05C42B5A54CE00BBDEE2 /* Debug */,
				8A6A05C52B5A54CE00BBDEE2 /* Release */,
			);
			defaultConfigurationIsVisible = 0;
			defaultConfigurationName = Release;
		};
		8A9D40C32B48F123009CB2DB /* Build configuration list for PBXProject "Tapper" */ = {
			isa = XCConfigurationList;
			buildConfigurations = (
				8A9D40D72B48F124009CB2DB /* Debug */,
				8A9D40D82B48F124009CB2DB /* Release */,
			);
			defaultConfigurationIsVisible = 0;
			defaultConfigurationName = Release;
		};
		8A9D40D92B48F124009CB2DB /* Build configuration list for PBXNativeTarget "Tapper" */ = {
			isa = XCConfigurationList;
			buildConfigurations = (
				8A9D40DA2B48F124009CB2DB /* Debug */,
				8A9D40DB2B48F124009CB2DB /* Release */,
			);
			defaultConfigurationIsVisible = 0;
			defaultConfigurationName = Release;
		};
/* End XCConfigurationList section */
	};
	rootObject = 8A9D40C02B48F123009CB2DB /* Project object */;
}
